
Microsoft Visual Studio Solution File, Format Version 12.00
# Visual Studio 15
VisualStudioVersion = 15.0.28307.421
MinimumVisualStudioVersion = 10.0.40219.1
Project("{FAE04EC0-301F-11D3-BF4B-00C04F79EFBC}") = "ArrayCalcAPI", "ArrayCalcAPI\ArrayCalcAPI.csproj", "{D668383E-E94C-456D-80CB-FF3A23619DA7}"
EndProject
Project("{FAE04EC0-301F-11D3-BF4B-00C04F79EFBC}") = "ArrayCalcAPI.Tests", "ArrayCalcAPI.Tests\ArrayCalcAPI.Tests.csproj", "{52D35B5E-4E96-4344-B810-FE5CD163F012}"
EndProject
Project("{2150E333-8FDC-42A3-9474-1A3956D46DE8}") = "ArrayCalcAPI.Core", "ArrayCalcAPI.Core", "{2D5B9D43-12CE-42B6-961C-ACE36F457B9E}"
EndProject
Project("{FAE04EC0-301F-11D3-BF4B-00C04F79EFBC}") = "ArrayCalcContracts", "ArrayCalcContracts\ArrayCalcContracts.csproj", "{24F8EA4E-D385-436B-B1BE-23E9F800CC5D}"
EndProject
Project("{FAE04EC0-301F-11D3-BF4B-00C04F79EFBC}") = "ArrayCalcService", "ArrayCalcService\ArrayCalcService.csproj", "{DE24BDD9-505E-4B02-8D47-B5D10A278FC7}"
EndProject
Project("{2150E333-8FDC-42A3-9474-1A3956D46DE8}") = "ArrayCalcAPI", "ArrayCalcAPI", "{D5A873F2-875A-4680-AB0A-45A3923D0975}"
EndProject
Project("{2150E333-8FDC-42A3-9474-1A3956D46DE8}") = "ArrayCalcAPI.Tests", "ArrayCalcAPI.Tests", "{A80EACBC-529A-4371-B454-FCF118D9FDF8}"
EndProject
Project("{2150E333-8FDC-42A3-9474-1A3956D46DE8}") = "ArrayCalcApi.Contracts", "ArrayCalcApi.Contracts", "{7C8638FC-4BCA-4A0D-B0C9-298B289C34D4}"
EndProject
Project("{FAE04EC0-301F-11D3-BF4B-00C04F79EFBC}") = "ArrayCalcServiceTests", "ArrayCalcServiceTests\ArrayCalcServiceTests.csproj", "{5070C6A2-31CD-4352-84B9-FBE60EF94529}"
EndProject
Project("{2150E333-8FDC-42A3-9474-1A3956D46DE8}") = "ArrayCalcAPI.Core.Tests", "ArrayCalcAPI.Core.Tests", "{788C94F8-C37A-4850-8D9B-7B0FEDB8BB31}"
EndProject
Global
	GlobalSection(SolutionConfigurationPlatforms) = preSolution
		Debug|Any CPU = Debug|Any CPU
		Release|Any CPU = Release|Any CPU
	EndGlobalSection
	GlobalSection(ProjectConfigurationPlatforms) = postSolution
		{D668383E-E94C-456D-80CB-FF3A23619DA7}.Debug|Any CPU.ActiveCfg = Debug|Any CPU
		{D668383E-E94C-456D-80CB-FF3A23619DA7}.Debug|Any CPU.Build.0 = Debug|Any CPU
		{D668383E-E94C-456D-80CB-FF3A23619DA7}.Release|Any CPU.ActiveCfg = Release|Any CPU
		{D668383E-E94C-456D-80CB-FF3A23619DA7}.Release|Any CPU.Build.0 = Release|Any CPU
		{52D35B5E-4E96-4344-B810-FE5CD163F012}.Debug|Any CPU.ActiveCfg = Debug|Any CPU
		{52D35B5E-4E96-4344-B810-FE5CD163F012}.Debug|Any CPU.Build.0 = Debug|Any CPU
		{52D35B5E-4E96-4344-B810-FE5CD163F012}.Release|Any CPU.ActiveCfg = Release|Any CPU
		{52D35B5E-4E96-4344-B810-FE5CD163F012}.Release|Any CPU.Build.0 = Release|Any CPU
		{24F8EA4E-D385-436B-B1BE-23E9F800CC5D}.Debug|Any CPU.ActiveCfg = Debug|Any CPU
		{24F8EA4E-D385-436B-B1BE-23E9F800CC5D}.Debug|Any CPU.Build.0 = Debug|Any CPU
		{24F8EA4E-D385-436B-B1BE-23E9F800CC5D}.Release|Any CPU.ActiveCfg = Release|Any CPU
		{24F8EA4E-D385-436B-B1BE-23E9F800CC5D}.Release|Any CPU.Build.0 = Release|Any CPU
		{DE24BDD9-505E-4B02-8D47-B5D10A278FC7}.Debug|Any CPU.ActiveCfg = Debug|Any CPU
		{DE24BDD9-505E-4B02-8D47-B5D10A278FC7}.Debug|Any CPU.Build.0 = Debug|Any CPU
		{DE24BDD9-505E-4B02-8D47-B5D10A278FC7}.Release|Any CPU.ActiveCfg = Release|Any CPU
		{DE24BDD9-505E-4B02-8D47-B5D10A278FC7}.Release|Any CPU.Build.0 = Release|Any CPU
		{5070C6A2-31CD-4352-84B9-FBE60EF94529}.Debug|Any CPU.ActiveCfg = Debug|Any CPU
		{5070C6A2-31CD-4352-84B9-FBE60EF94529}.Debug|Any CPU.Build.0 = Debug|Any CPU
		{5070C6A2-31CD-4352-84B9-FBE60EF94529}.Release|Any CPU.ActiveCfg = Release|Any CPU
		{5070C6A2-31CD-4352-84B9-FBE60EF94529}.Release|Any CPU.Build.0 = Release|Any CPU
	EndGlobalSection
	GlobalSection(SolutionProperties) = preSolution
		HideSolutionNode = FALSE
	EndGlobalSection
	GlobalSection(NestedProjects) = preSolution
		{D668383E-E94C-456D-80CB-FF3A23619DA7} = {D5A873F2-875A-4680-AB0A-45A3923D0975}
		{52D35B5E-4E96-4344-B810-FE5CD163F012} = {A80EACBC-529A-4371-B454-FCF118D9FDF8}
		{24F8EA4E-D385-436B-B1BE-23E9F800CC5D} = {7C8638FC-4BCA-4A0D-B0C9-298B289C34D4}
		{DE24BDD9-505E-4B02-8D47-B5D10A278FC7} = {2D5B9D43-12CE-42B6-961C-ACE36F457B9E}
		{5070C6A2-31CD-4352-84B9-FBE60EF94529} = {788C94F8-C37A-4850-8D9B-7B0FEDB8BB31}
	EndGlobalSection
	GlobalSection(ExtensibilityGlobals) = postSolution
		SolutionGuid = {ACC858A7-2C4C-4D8D-9587-42875C0C0BDF}
	EndGlobalSection
EndGlobal
